
Microsoft Visual Studio Solution File, Format Version 12.00
Project("{2150E333-8FDC-42A3-9474-1A3956D46DE8}") = "Application", "Application", "{FAC0E301-AD4F-439B-AD9C-0D5843D54263}"
EndProject
Project("{2150E333-8FDC-42A3-9474-1A3956D46DE8}") = "Test", "Test", "{9C356239-EA11-4E93-BB27-BFE81384148E}"
EndProject
Project("{FAE04EC0-301F-11D3-BF4B-00C04F79EFBC}") = "LeapYear.Application.UnitTest", "LeapYear.Application.UnitTest\LeapYear.Application.UnitTest.csproj", "{D861CB05-1822-4C9B-9256-5F2A26803EDC}"
EndProject
Project("{FAE04EC0-301F-11D3-BF4B-00C04F79EFBC}") = "LeapYearKata.Application", "LeapYearKata.Application\LeapYearKata.Application.csproj", "{EDFC5FD7-CA68-444C-9F41-E931D18669C2}"
EndProject
Global
	GlobalSection(SolutionConfigurationPlatforms) = preSolution
		Debug|Any CPU = Debug|Any CPU
		Release|Any CPU = Release|Any CPU
	EndGlobalSection
	GlobalSection(NestedProjects) = preSolution
		{D861CB05-1822-4C9B-9256-5F2A26803EDC} = {9C356239-EA11-4E93-BB27-BFE81384148E}
		{EDFC5FD7-CA68-444C-9F41-E931D18669C2} = {FAC0E301-AD4F-439B-AD9C-0D5843D54263}
	EndGlobalSection
	GlobalSection(ProjectConfigurationPlatforms) = postSolution
		{D861CB05-1822-4C9B-9256-5F2A26803EDC}.Debug|Any CPU.ActiveCfg = Debug|Any CPU
		{D861CB05-1822-4C9B-9256-5F2A26803EDC}.Debug|Any CPU.Build.0 = Debug|Any CPU
		{D861CB05-1822-4C9B-9256-5F2A26803EDC}.Release|Any CPU.ActiveCfg = Release|Any CPU
		{D861CB05-1822-4C9B-9256-5F2A26803EDC}.Release|Any CPU.Build.0 = Release|Any CPU
		{EDFC5FD7-CA68-444C-9F41-E931D18669C2}.Debug|Any CPU.ActiveCfg = Debug|Any CPU
		{EDFC5FD7-CA68-444C-9F41-E931D18669C2}.Debug|Any CPU.Build.0 = Debug|Any CPU
		{EDFC5FD7-CA68-444C-9F41-E931D18669C2}.Release|Any CPU.ActiveCfg = Release|Any CPU
		{EDFC5FD7-CA68-444C-9F41-E931D18669C2}.Release|Any CPU.Build.0 = Release|Any CPU
	EndGlobalSection
EndGlobal
